
Microsoft Visual Studio Solution File, Format Version 12.00
# Visual Studio Version 17
VisualStudioVersion = 17.0.31903.59
MinimumVisualStudioVersion = 10.0.40219.1
Project("{2150E333-8FDC-42A3-9474-1A3956D46DE8}") = "src", "src", "{EEFF5C4B-1D5B-440F-80D8-193985E0BA54}"
EndProject
Project("{FAE04EC0-301F-11D3-BF4B-00C04F79EFBC}") = "Condux.Core", "src\Condux.Core\Condux.Core.csproj", "{E1E9CC88-9E2E-433B-9D5D-D76E77D94DDF}"
EndProject
Project("{FAE04EC0-301F-11D3-BF4B-00C04F79EFBC}") = "Condux.Relay", "src\Condux.Relay\Condux.Relay.csproj", "{5AC1F16D-B146-40EF-935E-F1D44DCC1161}"
EndProject
Project("{FAE04EC0-301F-11D3-BF4B-00C04F79EFBC}") = "Condux.ControlPlane", "src\Condux.ControlPlane\Condux.ControlPlane.csproj", "{311B284D-C511-4D08-B1BB-5DF87C7158A8}"
EndProject
Project("{2150E333-8FDC-42A3-9474-1A3956D46DE8}") = "tests", "tests", "{E623009A-84B2-40AB-BD71-5A01C95EF210}"
EndProject
Project("{FAE04EC0-301F-11D3-BF4B-00C04F79EFBC}") = "Condux.Core.Tests", "tests\Condux.Core.Tests\Condux.Core.Tests.csproj", "{414A7BD4-9C01-4892-90B6-10DB313CE78E}"
EndProject
Project("{FAE04EC0-301F-11D3-BF4B-00C04F79EFBC}") = "Condux.Relay.Tests", "tests\Condux.Relay.Tests\Condux.Relay.Tests.csproj", "{5644D75A-9DCE-4AD4-956E-C0054BEBB583}"
EndProject
Project("{FAE04EC0-301F-11D3-BF4B-00C04F79EFBC}") = "Condux.IntegrationTests", "tests\Condux.IntegrationTests\Condux.IntegrationTests.csproj", "{F2744469-08D4-428E-81DB-07D511A14392}"
EndProject
Project("{FAE04EC0-301F-11D3-BF4B-00C04F79EFBC}") = "Condux.Messaging", "src\Condux.Messaging\Condux.Messaging.csproj", "{B853BC4E-05D3-4189-83C8-53F668CA8C04}"
EndProject
Project("{FAE04EC0-301F-11D3-BF4B-00C04F79EFBC}") = "Condux.Consumer", "src\Condux.Consumer\Condux.Consumer.csproj", "{20C2F866-B5D4-438E-895C-7BC8BEB48FDD}"
EndProject
Project("{FAE04EC0-301F-11D3-BF4B-00C04F79EFBC}") = "Condux.Storage", "src\Condux.Storage\Condux.Storage.csproj", "{491034A9-351D-4958-BF81-FDB94FE835CC}"
EndProject
Project("{FAE04EC0-301F-11D3-BF4B-00C04F79EFBC}") = "Condux.Telemetry", "src\Condux.Telemetry\Condux.Telemetry.csproj", "{414B3C98-A80A-4C1D-BD99-38143202EA46}"
EndProject
Project("{FAE04EC0-301F-11D3-BF4B-00C04F79EFBC}") = "Condux.Conductor", "src\Condux.Conductor\Condux.Conductor.csproj", "{6C2640B2-CD07-4F64-BDAE-0B25CE53FD7D}"
EndProject
Project("{FAE04EC0-301F-11D3-BF4B-00C04F79EFBC}") = "Condux.Notifications", "src\Condux.Notifications\Condux.Notifications.csproj", "{F81E241C-AE52-4B3B-9C93-59721DE4B917}"
EndProject
Project("{FAE04EC0-301F-11D3-BF4B-00C04F79EFBC}") = "Condux.Notifications.Tests", "tests\Condux.Notifications.Tests\Condux.Notifications.Tests.csproj", "{54D72337-1E62-4578-AE1A-B03B0CEBECBE}"
EndProject
Project("{FAE04EC0-301F-11D3-BF4B-00C04F79EFBC}") = "Condux.GitHub", "src\Condux.GitHub\Condux.GitHub.csproj", "{6A3CFD4B-BD55-48B7-AD67-B0F2B7185E62}"
EndProject
Project("{FAE04EC0-301F-11D3-BF4B-00C04F79EFBC}") = "Condux.GitHub.Tests", "tests\Condux.GitHub.Tests\Condux.GitHub.Tests.csproj", "{2574C072-59BB-4D54-8B5F-3597680696F4}"
EndProject
Project("{FAE04EC0-301F-11D3-BF4B-00C04F79EFBC}") = "Condux.Conductor.Tests", "tests\Condux.Conductor.Tests\Condux.Conductor.Tests.csproj", "{5A982EA6-CF2D-4539-9B8D-BDBB0D4AE57C}"
EndProject
Project("{FAE04EC0-301F-11D3-BF4B-00C04F79EFBC}") = "Condux.ControlPlane.Tests", "tests\Condux.ControlPlane.Tests\Condux.ControlPlane.Tests.csproj", "{8CA06C3A-5F35-4B4F-9B9B-21CACF541620}"
EndProject
Project("{2150E333-8FDC-42A3-9474-1A3956D46DE8}") = "tools", "tools", "{07C2787E-EAC7-C090-1BA3-A61EC2A24D84}"
EndProject
Project("{FAE04EC0-301F-11D3-BF4B-00C04F79EFBC}") = "Condux.EmailPreview", "tools\Condux.EmailPreview\Condux.EmailPreview.csproj", "{44616BD0-51A6-42CA-A09E-8FA1383B9737}"
EndProject
Project("{FAE04EC0-301F-11D3-BF4B-00C04F79EFBC}") = "Condux.Consumer.Tests", "tests\Condux.Consumer.Tests\Condux.Consumer.Tests.csproj", "{FC44A9A4-39E0-4E73-A8B2-F361B605D222}"
EndProject
Project("{FAE04EC0-301F-11D3-BF4B-00C04F79EFBC}") = "Condux.DemoSeed", "tools\Condux.DemoSeed\Condux.DemoSeed.csproj", "{2FB36C21-EC3C-4EC9-A664-3E3CB5E9B4CC}"
EndProject
Project("{FAE04EC0-301F-11D3-BF4B-00C04F79EFBC}") = "Condux.Agent", "src\Condux.Agent\Condux.Agent.csproj", "{58B2F363-FA0A-486C-A118-57B827A97FBA}"
EndProject
Project("{FAE04EC0-301F-11D3-BF4B-00C04F79EFBC}") = "Condux.Runner", "src\Condux.Runner\Condux.Runner.csproj", "{7496881A-4372-4AC7-B212-BE1EE6DA83CB}"
EndProject
Project("{FAE04EC0-301F-11D3-BF4B-00C04F79EFBC}") = "Condux.Runner.Tests", "tests\Condux.Runner.Tests\Condux.Runner.Tests.csproj", "{8B1207BE-C543-4763-BD22-F23C411D86F5}"
EndProject
Global
	GlobalSection(SolutionConfigurationPlatforms) = preSolution
		Debug|Any CPU = Debug|Any CPU
		Debug|x64 = Debug|x64
		Debug|x86 = Debug|x86
		Release|Any CPU = Release|Any CPU
		Release|x64 = Release|x64
		Release|x86 = Release|x86
	EndGlobalSection
	GlobalSection(ProjectConfigurationPlatforms) = postSolution
		{E1E9CC88-9E2E-433B-9D5D-D76E77D94DDF}.Debug|Any CPU.ActiveCfg = Debug|Any CPU
		{E1E9CC88-9E2E-433B-9D5D-D76E77D94DDF}.Debug|Any CPU.Build.0 = Debug|Any CPU
		{E1E9CC88-9E2E-433B-9D5D-D76E77D94DDF}.Debug|x64.ActiveCfg = Debug|Any CPU
		{E1E9CC88-9E2E-433B-9D5D-D76E77D94DDF}.Debug|x64.Build.0 = Debug|Any CPU
		{E1E9CC88-9E2E-433B-9D5D-D76E77D94DDF}.Debug|x86.ActiveCfg = Debug|Any CPU
		{E1E9CC88-9E2E-433B-9D5D-D76E77D94DDF}.Debug|x86.Build.0 = Debug|Any CPU
		{E1E9CC88-9E2E-433B-9D5D-D76E77D94DDF}.Release|Any CPU.ActiveCfg = Release|Any CPU
		{E1E9CC88-9E2E-433B-9D5D-D76E77D94DDF}.Release|Any CPU.Build.0 = Release|Any CPU
		{E1E9CC88-9E2E-433B-9D5D-D76E77D94DDF}.Release|x64.ActiveCfg = Release|Any CPU
		{E1E9CC88-9E2E-433B-9D5D-D76E77D94DDF}.Release|x64.Build.0 = Release|Any CPU
		{E1E9CC88-9E2E-433B-9D5D-D76E77D94DDF}.Release|x86.ActiveCfg = Release|Any CPU
		{E1E9CC88-9E2E-433B-9D5D-D76E77D94DDF}.Release|x86.Build.0 = Release|Any CPU
		{5AC1F16D-B146-40EF-935E-F1D44DCC1161}.Debug|Any CPU.ActiveCfg = Debug|Any CPU
		{5AC1F16D-B146-40EF-935E-F1D44DCC1161}.Debug|Any CPU.Build.0 = Debug|Any CPU
		{5AC1F16D-B146-40EF-935E-F1D44DCC1161}.Debug|x64.ActiveCfg = Debug|Any CPU
		{5AC1F16D-B146-40EF-935E-F1D44DCC1161}.Debug|x64.Build.0 = Debug|Any CPU
		{5AC1F16D-B146-40EF-935E-F1D44DCC1161}.Debug|x86.ActiveCfg = Debug|Any CPU
		{5AC1F16D-B146-40EF-935E-F1D44DCC1161}.Debug|x86.Build.0 = Debug|Any CPU
		{5AC1F16D-B146-40EF-935E-F1D44DCC1161}.Release|Any CPU.ActiveCfg = Release|Any CPU
		{5AC1F16D-B146-40EF-935E-F1D44DCC1161}.Release|Any CPU.Build.0 = Release|Any CPU
		{5AC1F16D-B146-40EF-935E-F1D44DCC1161}.Release|x64.ActiveCfg = Release|Any CPU
		{5AC1F16D-B146-40EF-935E-F1D44DCC1161}.Release|x64.Build.0 = Release|Any CPU
		{5AC1F16D-B146-40EF-935E-F1D44DCC1161}.Release|x86.ActiveCfg = Release|Any CPU
		{5AC1F16D-B146-40EF-935E-F1D44DCC1161}.Release|x86.Build.0 = Release|Any CPU
		{311B284D-C511-4D08-B1BB-5DF87C7158A8}.Debug|Any CPU.ActiveCfg = Debug|Any CPU
		{311B284D-C511-4D08-B1BB-5DF87C7158A8}.Debug|Any CPU.Build.0 = Debug|Any CPU
		{311B284D-C511-4D08-B1BB-5DF87C7158A8}.Debug|x64.ActiveCfg = Debug|Any CPU
		{311B284D-C511-4D08-B1BB-5DF87C7158A8}.Debug|x64.Build.0 = Debug|Any CPU
		{311B284D-C511-4D08-B1BB-5DF87C7158A8}.Debug|x86.ActiveCfg = Debug|Any CPU
		{311B284D-C511-4D08-B1BB-5DF87C7158A8}.Debug|x86.Build.0 = Debug|Any CPU
		{311B284D-C511-4D08-B1BB-5DF87C7158A8}.Release|Any CPU.ActiveCfg = Release|Any CPU
		{311B284D-C511-4D08-B1BB-5DF87C7158A8}.Release|Any CPU.Build.0 = Release|Any CPU
		{311B284D-C511-4D08-B1BB-5DF87C7158A8}.Release|x64.ActiveCfg = Release|Any CPU
		{311B284D-C511-4D08-B1BB-5DF87C7158A8}.Release|x64.Build.0 = Release|Any CPU
		{311B284D-C511-4D08-B1BB-5DF87C7158A8}.Release|x86.ActiveCfg = Release|Any CPU
		{311B284D-C511-4D08-B1BB-5DF87C7158A8}.Release|x86.Build.0 = Release|Any CPU
		{414A7BD4-9C01-4892-90B6-10DB313CE78E}.Debug|Any CPU.ActiveCfg = Debug|Any CPU
		{414A7BD4-9C01-4892-90B6-10DB313CE78E}.Debug|Any CPU.Build.0 = Debug|Any CPU
		{414A7BD4-9C01-4892-90B6-10DB313CE78E}.Debug|x64.ActiveCfg = Debug|Any CPU
		{414A7BD4-9C01-4892-90B6-10DB313CE78E}.Debug|x64.Build.0 = Debug|Any CPU
		{414A7BD4-9C01-4892-90B6-10DB313CE78E}.Debug|x86.ActiveCfg = Debug|Any CPU
		{414A7BD4-9C01-4892-90B6-10DB313CE78E}.Debug|x86.Build.0 = Debug|Any CPU
		{414A7BD4-9C01-4892-90B6-10DB313CE78E}.Release|Any CPU.ActiveCfg = Release|Any CPU
		{414A7BD4-9C01-4892-90B6-10DB313CE78E}.Release|Any CPU.Build.0 = Release|Any CPU
		{414A7BD4-9C01-4892-90B6-10DB313CE78E}.Release|x64.ActiveCfg = Release|Any CPU
		{414A7BD4-9C01-4892-90B6-10DB313CE78E}.Release|x64.Build.0 = Release|Any CPU
		{414A7BD4-9C01-4892-90B6-10DB313CE78E}.Release|x86.ActiveCfg = Release|Any CPU
		{414A7BD4-9C01-4892-90B6-10DB313CE78E}.Release|x86.Build.0 = Release|Any CPU
		{5644D75A-9DCE-4AD4-956E-C0054BEBB583}.Debug|Any CPU.ActiveCfg = Debug|Any CPU
		{5644D75A-9DCE-4AD4-956E-C0054BEBB583}.Debug|Any CPU.Build.0 = Debug|Any CPU
		{5644D75A-9DCE-4AD4-956E-C0054BEBB583}.Debug|x64.ActiveCfg = Debug|Any CPU
		{5644D75A-9DCE-4AD4-956E-C0054BEBB583}.Debug|x64.Build.0 = Debug|Any CPU
		{5644D75A-9DCE-4AD4-956E-C0054BEBB583}.Debug|x86.ActiveCfg = Debug|Any CPU
		{5644D75A-9DCE-4AD4-956E-C0054BEBB583}.Debug|x86.Build.0 = Debug|Any CPU
		{5644D75A-9DCE-4AD4-956E-C0054BEBB583}.Release|Any CPU.ActiveCfg = Release|Any CPU
		{5644D75A-9DCE-4AD4-956E-C0054BEBB583}.Release|Any CPU.Build.0 = Release|Any CPU
		{5644D75A-9DCE-4AD4-956E-C0054BEBB583}.Release|x64.ActiveCfg = Release|Any CPU
		{5644D75A-9DCE-4AD4-956E-C0054BEBB583}.Release|x64.Build.0 = Release|Any CPU
		{5644D75A-9DCE-4AD4-956E-C0054BEBB583}.Release|x86.ActiveCfg = Release|Any CPU
		{5644D75A-9DCE-4AD4-956E-C0054BEBB583}.Release|x86.Build.0 = Release|Any CPU
		{F2744469-08D4-428E-81DB-07D511A14392}.Debug|Any CPU.ActiveCfg = Debug|Any CPU
		{F2744469-08D4-428E-81DB-07D511A14392}.Debug|Any CPU.Build.0 = Debug|Any CPU
		{F2744469-08D4-428E-81DB-07D511A14392}.Debug|x64.ActiveCfg = Debug|Any CPU
		{F2744469-08D4-428E-81DB-07D511A14392}.Debug|x64.Build.0 = Debug|Any CPU
		{F2744469-08D4-428E-81DB-07D511A14392}.Debug|x86.ActiveCfg = Debug|Any CPU
		{F2744469-08D4-428E-81DB-07D511A14392}.Debug|x86.Build.0 = Debug|Any CPU
		{F2744469-08D4-428E-81DB-07D511A14392}.Release|Any CPU.ActiveCfg = Release|Any CPU
		{F2744469-08D4-428E-81DB-07D511A14392}.Release|Any CPU.Build.0 = Release|Any CPU
		{F2744469-08D4-428E-81DB-07D511A14392}.Release|x64.ActiveCfg = Release|Any CPU
		{F2744469-08D4-428E-81DB-07D511A14392}.Release|x64.Build.0 = Release|Any CPU
		{F2744469-08D4-428E-81DB-07D511A14392}.Release|x86.ActiveCfg = Release|Any CPU
		{F2744469-08D4-428E-81DB-07D511A14392}.Release|x86.Build.0 = Release|Any CPU
		{B853BC4E-05D3-4189-83C8-53F668CA8C04}.Debug|Any CPU.ActiveCfg = Debug|Any CPU
		{B853BC4E-05D3-4189-83C8-53F668CA8C04}.Debug|Any CPU.Build.0 = Debug|Any CPU
		{B853BC4E-05D3-4189-83C8-53F668CA8C04}.Debug|x64.ActiveCfg = Debug|Any CPU
		{B853BC4E-05D3-4189-83C8-53F668CA8C04}.Debug|x64.Build.0 = Debug|Any CPU
		{B853BC4E-05D3-4189-83C8-53F668CA8C04}.Debug|x86.ActiveCfg = Debug|Any CPU
		{B853BC4E-05D3-4189-83C8-53F668CA8C04}.Debug|x86.Build.0 = Debug|Any CPU
		{B853BC4E-05D3-4189-83C8-53F668CA8C04}.Release|Any CPU.ActiveCfg = Release|Any CPU
		{B853BC4E-05D3-4189-83C8-53F668CA8C04}.Release|Any CPU.Build.0 = Release|Any CPU
		{B853BC4E-05D3-4189-83C8-53F668CA8C04}.Release|x64.ActiveCfg = Release|Any CPU
		{B853BC4E-05D3-4189-83C8-53F668CA8C04}.Release|x64.Build.0 = Release|Any CPU
		{B853BC4E-05D3-4189-83C8-53F668CA8C04}.Release|x86.ActiveCfg = Release|Any CPU
		{B853BC4E-05D3-4189-83C8-53F668CA8C04}.Release|x86.Build.0 = Release|Any CPU
		{20C2F866-B5D4-438E-895C-7BC8BEB48FDD}.Debug|Any CPU.ActiveCfg = Debug|Any CPU
		{20C2F866-B5D4-438E-895C-7BC8BEB48FDD}.Debug|Any CPU.Build.0 = Debug|Any CPU
		{20C2F866-B5D4-438E-895C-7BC8BEB48FDD}.Debug|x64.ActiveCfg = Debug|Any CPU
		{20C2F866-B5D4-438E-895C-7BC8BEB48FDD}.Debug|x64.Build.0 = Debug|Any CPU
		{20C2F866-B5D4-438E-895C-7BC8BEB48FDD}.Debug|x86.ActiveCfg = Debug|Any CPU
		{20C2F866-B5D4-438E-895C-7BC8BEB48FDD}.Debug|x86.Build.0 = Debug|Any CPU
		{20C2F866-B5D4-438E-895C-7BC8BEB48FDD}.Release|Any CPU.ActiveCfg = Release|Any CPU
		{20C2F866-B5D4-438E-895C-7BC8BEB48FDD}.Release|Any CPU.Build.0 = Release|Any CPU
		{20C2F866-B5D4-438E-895C-7BC8BEB48FDD}.Release|x64.ActiveCfg = Release|Any CPU
		{20C2F866-B5D4-438E-895C-7BC8BEB48FDD}.Release|x64.Build.0 = Release|Any CPU
		{20C2F866-B5D4-438E-895C-7BC8BEB48FDD}.Release|x86.ActiveCfg = Release|Any CPU
		{20C2F866-B5D4-438E-895C-7BC8BEB48FDD}.Release|x86.Build.0 = Release|Any CPU
		{491034A9-351D-4958-BF81-FDB94FE835CC}.Debug|Any CPU.ActiveCfg = Debug|Any CPU
		{491034A9-351D-4958-BF81-FDB94FE835CC}.Debug|Any CPU.Build.0 = Debug|Any CPU
		{491034A9-351D-4958-BF81-FDB94FE835CC}.Debug|x64.ActiveCfg = Debug|Any CPU
		{491034A9-351D-4958-BF81-FDB94FE835CC}.Debug|x64.Build.0 = Debug|Any CPU
		{491034A9-351D-4958-BF81-FDB94FE835CC}.Debug|x86.ActiveCfg = Debug|Any CPU
		{491034A9-351D-4958-BF81-FDB94FE835CC}.Debug|x86.Build.0 = Debug|Any CPU
		{491034A9-351D-4958-BF81-FDB94FE835CC}.Release|Any CPU.ActiveCfg = Release|Any CPU
		{491034A9-351D-4958-BF81-FDB94FE835CC}.Release|Any CPU.Build.0 = Release|Any CPU
		{491034A9-351D-4958-BF81-FDB94FE835CC}.Release|x64.ActiveCfg = Release|Any CPU
		{491034A9-351D-4958-BF81-FDB94FE835CC}.Release|x64.Build.0 = Release|Any CPU
		{491034A9-351D-4958-BF81-FDB94FE835CC}.Release|x86.ActiveCfg = Release|Any CPU
		{491034A9-351D-4958-BF81-FDB94FE835CC}.Release|x86.Build.0 = Release|Any CPU
		{414B3C98-A80A-4C1D-BD99-38143202EA46}.Debug|Any CPU.ActiveCfg = Debug|Any CPU
		{414B3C98-A80A-4C1D-BD99-38143202EA46}.Debug|Any CPU.Build.0 = Debug|Any CPU
		{414B3C98-A80A-4C1D-BD99-38143202EA46}.Debug|x64.ActiveCfg = Debug|Any CPU
		{414B3C98-A80A-4C1D-BD99-38143202EA46}.Debug|x64.Build.0 = Debug|Any CPU
		{414B3C98-A80A-4C1D-BD99-38143202EA46}.Debug|x86.ActiveCfg = Debug|Any CPU
		{414B3C98-A80A-4C1D-BD99-38143202EA46}.Debug|x86.Build.0 = Debug|Any CPU
		{414B3C98-A80A-4C1D-BD99-38143202EA46}.Release|Any CPU.ActiveCfg = Release|Any CPU
		{414B3C98-A80A-4C1D-BD99-38143202EA46}.Release|Any CPU.Build.0 = Release|Any CPU
		{414B3C98-A80A-4C1D-BD99-38143202EA46}.Release|x64.ActiveCfg = Release|Any CPU
		{414B3C98-A80A-4C1D-BD99-38143202EA46}.Release|x64.Build.0 = Release|Any CPU
		{414B3C98-A80A-4C1D-BD99-38143202EA46}.Release|x86.ActiveCfg = Release|Any CPU
		{414B3C98-A80A-4C1D-BD99-38143202EA46}.Release|x86.Build.0 = Release|Any CPU
		{6C2640B2-CD07-4F64-BDAE-0B25CE53FD7D}.Debug|Any CPU.ActiveCfg = Debug|Any CPU
		{6C2640B2-CD07-4F64-BDAE-0B25CE53FD7D}.Debug|Any CPU.Build.0 = Debug|Any CPU
		{6C2640B2-CD07-4F64-BDAE-0B25CE53FD7D}.Debug|x64.ActiveCfg = Debug|Any CPU
		{6C2640B2-CD07-4F64-BDAE-0B25CE53FD7D}.Debug|x64.Build.0 = Debug|Any CPU
		{6C2640B2-CD07-4F64-BDAE-0B25CE53FD7D}.Debug|x86.ActiveCfg = Debug|Any CPU
		{6C2640B2-CD07-4F64-BDAE-0B25CE53FD7D}.Debug|x86.Build.0 = Debug|Any CPU
		{6C2640B2-CD07-4F64-BDAE-0B25CE53FD7D}.Release|Any CPU.ActiveCfg = Release|Any CPU
		{6C2640B2-CD07-4F64-BDAE-0B25CE53FD7D}.Release|Any CPU.Build.0 = Release|Any CPU
		{6C2640B2-CD07-4F64-BDAE-0B25CE53FD7D}.Release|x64.ActiveCfg = Release|Any CPU
		{6C2640B2-CD07-4F64-BDAE-0B25CE53FD7D}.Release|x64.Build.0 = Release|Any CPU
		{6C2640B2-CD07-4F64-BDAE-0B25CE53FD7D}.Release|x86.ActiveCfg = Release|Any CPU
		{6C2640B2-CD07-4F64-BDAE-0B25CE53FD7D}.Release|x86.Build.0 = Release|Any CPU
		{F81E241C-AE52-4B3B-9C93-59721DE4B917}.Debug|Any CPU.ActiveCfg = Debug|Any CPU
		{F81E241C-AE52-4B3B-9C93-59721DE4B917}.Debug|Any CPU.Build.0 = Debug|Any CPU
		{F81E241C-AE52-4B3B-9C93-59721DE4B917}.Debug|x64.ActiveCfg = Debug|Any CPU
		{F81E241C-AE52-4B3B-9C93-59721DE4B917}.Debug|x64.Build.0 = Debug|Any CPU
		{F81E241C-AE52-4B3B-9C93-59721DE4B917}.Debug|x86.ActiveCfg = Debug|Any CPU
		{F81E241C-AE52-4B3B-9C93-59721DE4B917}.Debug|x86.Build.0 = Debug|Any CPU
		{F81E241C-AE52-4B3B-9C93-59721DE4B917}.Release|Any CPU.ActiveCfg = Release|Any CPU
		{F81E241C-AE52-4B3B-9C93-59721DE4B917}.Release|Any CPU.Build.0 = Release|Any CPU
		{F81E241C-AE52-4B3B-9C93-59721DE4B917}.Release|x64.ActiveCfg = Release|Any CPU
		{F81E241C-AE52-4B3B-9C93-59721DE4B917}.Release|x64.Build.0 = Release|Any CPU
		{F81E241C-AE52-4B3B-9C93-59721DE4B917}.Release|x86.ActiveCfg = Release|Any CPU
		{F81E241C-AE52-4B3B-9C93-59721DE4B917}.Release|x86.Build.0 = Release|Any CPU
		{54D72337-1E62-4578-AE1A-B03B0CEBECBE}.Debug|Any CPU.ActiveCfg = Debug|Any CPU
		{54D72337-1E62-4578-AE1A-B03B0CEBECBE}.Debug|Any CPU.Build.0 = Debug|Any CPU
		{54D72337-1E62-4578-AE1A-B03B0CEBECBE}.Debug|x64.ActiveCfg = Debug|Any CPU
		{54D72337-1E62-4578-AE1A-B03B0CEBECBE}.Debug|x64.Build.0 = Debug|Any CPU
		{54D72337-1E62-4578-AE1A-B03B0CEBECBE}.Debug|x86.ActiveCfg = Debug|Any CPU
		{54D72337-1E62-4578-AE1A-B03B0CEBECBE}.Debug|x86.Build.0 = Debug|Any CPU
		{54D72337-1E62-4578-AE1A-B03B0CEBECBE}.Release|Any CPU.ActiveCfg = Release|Any CPU
		{54D72337-1E62-4578-AE1A-B03B0CEBECBE}.Release|Any CPU.Build.0 = Release|Any CPU
		{54D72337-1E62-4578-AE1A-B03B0CEBECBE}.Release|x64.ActiveCfg = Release|Any CPU
		{54D72337-1E62-4578-AE1A-B03B0CEBECBE}.Release|x64.Build.0 = Release|Any CPU
		{54D72337-1E62-4578-AE1A-B03B0CEBECBE}.Release|x86.ActiveCfg = Release|Any CPU
		{54D72337-1E62-4578-AE1A-B03B0CEBECBE}.Release|x86.Build.0 = Release|Any CPU
		{6A3CFD4B-BD55-48B7-AD67-B0F2B7185E62}.Debug|Any CPU.ActiveCfg = Debug|Any CPU
		{6A3CFD4B-BD55-48B7-AD67-B0F2B7185E62}.Debug|Any CPU.Build.0 = Debug|Any CPU
		{6A3CFD4B-BD55-48B7-AD67-B0F2B7185E62}.Debug|x64.ActiveCfg = Debug|Any CPU
		{6A3CFD4B-BD55-48B7-AD67-B0F2B7185E62}.Debug|x64.Build.0 = Debug|Any CPU
		{6A3CFD4B-BD55-48B7-AD67-B0F2B7185E62}.Debug|x86.ActiveCfg = Debug|Any CPU
		{6A3CFD4B-BD55-48B7-AD67-B0F2B7185E62}.Debug|x86.Build.0 = Debug|Any CPU
		{6A3CFD4B-BD55-48B7-AD67-B0F2B7185E62}.Release|Any CPU.ActiveCfg = Release|Any CPU
		{6A3CFD4B-BD55-48B7-AD67-B0F2B7185E62}.Release|Any CPU.Build.0 = Release|Any CPU
		{6A3CFD4B-BD55-48B7-AD67-B0F2B7185E62}.Release|x64.ActiveCfg = Release|Any CPU
		{6A3CFD4B-BD55-48B7-AD67-B0F2B7185E62}.Release|x64.Build.0 = Release|Any CPU
		{6A3CFD4B-BD55-48B7-AD67-B0F2B7185E62}.Release|x86.ActiveCfg = Release|Any CPU
		{6A3CFD4B-BD55-48B7-AD67-B0F2B7185E62}.Release|x86.Build.0 = Release|Any CPU
		{2574C072-59BB-4D54-8B5F-3597680696F4}.Debug|Any CPU.ActiveCfg = Debug|Any CPU
		{2574C072-59BB-4D54-8B5F-3597680696F4}.Debug|Any CPU.Build.0 = Debug|Any CPU
		{2574C072-59BB-4D54-8B5F-3597680696F4}.Debug|x64.ActiveCfg = Debug|Any CPU
		{2574C072-59BB-4D54-8B5F-3597680696F4}.Debug|x64.Build.0 = Debug|Any CPU
		{2574C072-59BB-4D54-8B5F-3597680696F4}.Debug|x86.ActiveCfg = Debug|Any CPU
		{2574C072-59BB-4D54-8B5F-3597680696F4}.Debug|x86.Build.0 = Debug|Any CPU
		{2574C072-59BB-4D54-8B5F-3597680696F4}.Release|Any CPU.ActiveCfg = Release|Any CPU
		{2574C072-59BB-4D54-8B5F-3597680696F4}.Release|Any CPU.Build.0 = Release|Any CPU
		{2574C072-59BB-4D54-8B5F-3597680696F4}.Release|x64.ActiveCfg = Release|Any CPU
		{2574C072-59BB-4D54-8B5F-3597680696F4}.Release|x64.Build.0 = Release|Any CPU
		{2574C072-59BB-4D54-8B5F-3597680696F4}.Release|x86.ActiveCfg = Release|Any CPU
		{2574C072-59BB-4D54-8B5F-3597680696F4}.Release|x86.Build.0 = Release|Any CPU
		{5A982EA6-CF2D-4539-9B8D-BDBB0D4AE57C}.Debug|Any CPU.ActiveCfg = Debug|Any CPU
		{5A982EA6-CF2D-4539-9B8D-BDBB0D4AE57C}.Debug|Any CPU.Build.0 = Debug|Any CPU
		{5A982EA6-CF2D-4539-9B8D-BDBB0D4AE57C}.Debug|x64.ActiveCfg = Debug|Any CPU
		{5A982EA6-CF2D-4539-9B8D-BDBB0D4AE57C}.Debug|x64.Build.0 = Debug|Any CPU
		{5A982EA6-CF2D-4539-9B8D-BDBB0D4AE57C}.Debug|x86.ActiveCfg = Debug|Any CPU
		{5A982EA6-CF2D-4539-9B8D-BDBB0D4AE57C}.Debug|x86.Build.0 = Debug|Any CPU
		{5A982EA6-CF2D-4539-9B8D-BDBB0D4AE57C}.Release|Any CPU.ActiveCfg = Release|Any CPU
		{5A982EA6-CF2D-4539-9B8D-BDBB0D4AE57C}.Release|Any CPU.Build.0 = Release|Any CPU
		{5A982EA6-CF2D-4539-9B8D-BDBB0D4AE57C}.Release|x64.ActiveCfg = Release|Any CPU
		{5A982EA6-CF2D-4539-9B8D-BDBB0D4AE57C}.Release|x64.Build.0 = Release|Any CPU
		{5A982EA6-CF2D-4539-9B8D-BDBB0D4AE57C}.Release|x86.ActiveCfg = Release|Any CPU
		{5A982EA6-CF2D-4539-9B8D-BDBB0D4AE57C}.Release|x86.Build.0 = Release|Any CPU
		{8CA06C3A-5F35-4B4F-9B9B-21CACF541620}.Debug|Any CPU.ActiveCfg = Debug|Any CPU
		{8CA06C3A-5F35-4B4F-9B9B-21CACF541620}.Debug|Any CPU.Build.0 = Debug|Any CPU
		{8CA06C3A-5F35-4B4F-9B9B-21CACF541620}.Debug|x64.ActiveCfg = Debug|Any CPU
		{8CA06C3A-5F35-4B4F-9B9B-21CACF541620}.Debug|x64.Build.0 = Debug|Any CPU
		{8CA06C3A-5F35-4B4F-9B9B-21CACF541620}.Debug|x86.ActiveCfg = Debug|Any CPU
		{8CA06C3A-5F35-4B4F-9B9B-21CACF541620}.Debug|x86.Build.0 = Debug|Any CPU
		{8CA06C3A-5F35-4B4F-9B9B-21CACF541620}.Release|Any CPU.ActiveCfg = Release|Any CPU
		{8CA06C3A-5F35-4B4F-9B9B-21CACF541620}.Release|Any CPU.Build.0 = Release|Any CPU
		{8CA06C3A-5F35-4B4F-9B9B-21CACF541620}.Release|x64.ActiveCfg = Release|Any CPU
		{8CA06C3A-5F35-4B4F-9B9B-21CACF541620}.Release|x64.Build.0 = Release|Any CPU
		{8CA06C3A-5F35-4B4F-9B9B-21CACF541620}.Release|x86.ActiveCfg = Release|Any CPU
		{8CA06C3A-5F35-4B4F-9B9B-21CACF541620}.Release|x86.Build.0 = Release|Any CPU
		{44616BD0-51A6-42CA-A09E-8FA1383B9737}.Debug|Any CPU.ActiveCfg = Debug|Any CPU
		{44616BD0-51A6-42CA-A09E-8FA1383B9737}.Debug|Any CPU.Build.0 = Debug|Any CPU
		{44616BD0-51A6-42CA-A09E-8FA1383B9737}.Debug|x64.ActiveCfg = Debug|Any CPU
		{44616BD0-51A6-42CA-A09E-8FA1383B9737}.Debug|x64.Build.0 = Debug|Any CPU
		{44616BD0-51A6-42CA-A09E-8FA1383B9737}.Debug|x86.ActiveCfg = Debug|Any CPU
		{44616BD0-51A6-42CA-A09E-8FA1383B9737}.Debug|x86.Build.0 = Debug|Any CPU
		{44616BD0-51A6-42CA-A09E-8FA1383B9737}.Release|Any CPU.ActiveCfg = Release|Any CPU
		{44616BD0-51A6-42CA-A09E-8FA1383B9737}.Release|Any CPU.Build.0 = Release|Any CPU
		{44616BD0-51A6-42CA-A09E-8FA1383B9737}.Release|x64.ActiveCfg = Release|Any CPU
		{44616BD0-51A6-42CA-A09E-8FA1383B9737}.Release|x64.Build.0 = Release|Any CPU
		{44616BD0-51A6-42CA-A09E-8FA1383B9737}.Release|x86.ActiveCfg = Release|Any CPU
		{44616BD0-51A6-42CA-A09E-8FA1383B9737}.Release|x86.Build.0 = Release|Any CPU
		{FC44A9A4-39E0-4E73-A8B2-F361B605D222}.Debug|Any CPU.ActiveCfg = Debug|Any CPU
		{FC44A9A4-39E0-4E73-A8B2-F361B605D222}.Debug|Any CPU.Build.0 = Debug|Any CPU
		{FC44A9A4-39E0-4E73-A8B2-F361B605D222}.Debug|x64.ActiveCfg = Debug|Any CPU
		{FC44A9A4-39E0-4E73-A8B2-F361B605D222}.Debug|x64.Build.0 = Debug|Any CPU
		{FC44A9A4-39E0-4E73-A8B2-F361B605D222}.Debug|x86.ActiveCfg = Debug|Any CPU
		{FC44A9A4-39E0-4E73-A8B2-F361B605D222}.Debug|x86.Build.0 = Debug|Any CPU
		{FC44A9A4-39E0-4E73-A8B2-F361B605D222}.Release|Any CPU.ActiveCfg = Release|Any CPU
		{FC44A9A4-39E0-4E73-A8B2-F361B605D222}.Release|Any CPU.Build.0 = Release|Any CPU
		{FC44A9A4-39E0-4E73-A8B2-F361B605D222}.Release|x64.ActiveCfg = Release|Any CPU
		{FC44A9A4-39E0-4E73-A8B2-F361B605D222}.Release|x64.Build.0 = Release|Any CPU
		{FC44A9A4-39E0-4E73-A8B2-F361B605D222}.Release|x86.ActiveCfg = Release|Any CPU
		{FC44A9A4-39E0-4E73-A8B2-F361B605D222}.Release|x86.Build.0 = Release|Any CPU
		{2FB36C21-EC3C-4EC9-A664-3E3CB5E9B4CC}.Debug|Any CPU.ActiveCfg = Debug|Any CPU
		{2FB36C21-EC3C-4EC9-A664-3E3CB5E9B4CC}.Debug|Any CPU.Build.0 = Debug|Any CPU
		{2FB36C21-EC3C-4EC9-A664-3E3CB5E9B4CC}.Debug|x64.ActiveCfg = Debug|Any CPU
		{2FB36C21-EC3C-4EC9-A664-3E3CB5E9B4CC}.Debug|x64.Build.0 = Debug|Any CPU
		{2FB36C21-EC3C-4EC9-A664-3E3CB5E9B4CC}.Debug|x86.ActiveCfg = Debug|Any CPU
		{2FB36C21-EC3C-4EC9-A664-3E3CB5E9B4CC}.Debug|x86.Build.0 = Debug|Any CPU
		{2FB36C21-EC3C-4EC9-A664-3E3CB5E9B4CC}.Release|Any CPU.ActiveCfg = Release|Any CPU
		{2FB36C21-EC3C-4EC9-A664-3E3CB5E9B4CC}.Release|Any CPU.Build.0 = Release|Any CPU
		{2FB36C21-EC3C-4EC9-A664-3E3CB5E9B4CC}.Release|x64.ActiveCfg = Release|Any CPU
		{2FB36C21-EC3C-4EC9-A664-3E3CB5E9B4CC}.Release|x64.Build.0 = Release|Any CPU
		{2FB36C21-EC3C-4EC9-A664-3E3CB5E9B4CC}.Release|x86.ActiveCfg = Release|Any CPU
		{2FB36C21-EC3C-4EC9-A664-3E3CB5E9B4CC}.Release|x86.Build.0 = Release|Any CPU
		{58B2F363-FA0A-486C-A118-57B827A97FBA}.Debug|Any CPU.ActiveCfg = Debug|Any CPU
		{58B2F363-FA0A-486C-A118-57B827A97FBA}.Debug|Any CPU.Build.0 = Debug|Any CPU
		{58B2F363-FA0A-486C-A118-57B827A97FBA}.Debug|x64.ActiveCfg = Debug|Any CPU
		{58B2F363-FA0A-486C-A118-57B827A97FBA}.Debug|x64.Build.0 = Debug|Any CPU
		{58B2F363-FA0A-486C-A118-57B827A97FBA}.Debug|x86.ActiveCfg = Debug|Any CPU
		{58B2F363-FA0A-486C-A118-57B827A97FBA}.Debug|x86.Build.0 = Debug|Any CPU
		{58B2F363-FA0A-486C-A118-57B827A97FBA}.Release|Any CPU.ActiveCfg = Release|Any CPU
		{58B2F363-FA0A-486C-A118-57B827A97FBA}.Release|Any CPU.Build.0 = Release|Any CPU
		{58B2F363-FA0A-486C-A118-57B827A97FBA}.Release|x64.ActiveCfg = Release|Any CPU
		{58B2F363-FA0A-486C-A118-57B827A97FBA}.Release|x64.Build.0 = Release|Any CPU
		{58B2F363-FA0A-486C-A118-57B827A97FBA}.Release|x86.ActiveCfg = Release|Any CPU
		{58B2F363-FA0A-486C-A118-57B827A97FBA}.Release|x86.Build.0 = Release|Any CPU
		{7496881A-4372-4AC7-B212-BE1EE6DA83CB}.Debug|Any CPU.ActiveCfg = Debug|Any CPU
		{7496881A-4372-4AC7-B212-BE1EE6DA83CB}.Debug|Any CPU.Build.0 = Debug|Any CPU
		{7496881A-4372-4AC7-B212-BE1EE6DA83CB}.Debug|x64.ActiveCfg = Debug|Any CPU
		{7496881A-4372-4AC7-B212-BE1EE6DA83CB}.Debug|x64.Build.0 = Debug|Any CPU
		{7496881A-4372-4AC7-B212-BE1EE6DA83CB}.Debug|x86.ActiveCfg = Debug|Any CPU
		{7496881A-4372-4AC7-B212-BE1EE6DA83CB}.Debug|x86.Build.0 = Debug|Any CPU
		{7496881A-4372-4AC7-B212-BE1EE6DA83CB}.Release|Any CPU.ActiveCfg = Release|Any CPU
		{7496881A-4372-4AC7-B212-BE1EE6DA83CB}.Release|Any CPU.Build.0 = Release|Any CPU
		{7496881A-4372-4AC7-B212-BE1EE6DA83CB}.Release|x64.ActiveCfg = Release|Any CPU
		{7496881A-4372-4AC7-B212-BE1EE6DA83CB}.Release|x64.Build.0 = Release|Any CPU
		{7496881A-4372-4AC7-B212-BE1EE6DA83CB}.Release|x86.ActiveCfg = Release|Any CPU
		{7496881A-4372-4AC7-B212-BE1EE6DA83CB}.Release|x86.Build.0 = Release|Any CPU
		{8B1207BE-C543-4763-BD22-F23C411D86F5}.Debug|Any CPU.ActiveCfg = Debug|Any CPU
		{8B1207BE-C543-4763-BD22-F23C411D86F5}.Debug|Any CPU.Build.0 = Debug|Any CPU
		{8B1207BE-C543-4763-BD22-F23C411D86F5}.Debug|x64.ActiveCfg = Debug|Any CPU
		{8B1207BE-C543-4763-BD22-F23C411D86F5}.Debug|x64.Build.0 = Debug|Any CPU
		{8B1207BE-C543-4763-BD22-F23C411D86F5}.Debug|x86.ActiveCfg = Debug|Any CPU
		{8B1207BE-C543-4763-BD22-F23C411D86F5}.Debug|x86.Build.0 = Debug|Any CPU
		{8B1207BE-C543-4763-BD22-F23C411D86F5}.Release|Any CPU.ActiveCfg = Release|Any CPU
		{8B1207BE-C543-4763-BD22-F23C411D86F5}.Release|Any CPU.Build.0 = Release|Any CPU
		{8B1207BE-C543-4763-BD22-F23C411D86F5}.Release|x64.ActiveCfg = Release|Any CPU
		{8B1207BE-C543-4763-BD22-F23C411D86F5}.Release|x64.Build.0 = Release|Any CPU
		{8B1207BE-C543-4763-BD22-F23C411D86F5}.Release|x86.ActiveCfg = Release|Any CPU
		{8B1207BE-C543-4763-BD22-F23C411D86F5}.Release|x86.Build.0 = Release|Any CPU
	EndGlobalSection
	GlobalSection(SolutionProperties) = preSolution
		HideSolutionNode = FALSE
	EndGlobalSection
	GlobalSection(NestedProjects) = preSolution
		{E1E9CC88-9E2E-433B-9D5D-D76E77D94DDF} = {EEFF5C4B-1D5B-440F-80D8-193985E0BA54}
		{5AC1F16D-B146-40EF-935E-F1D44DCC1161} = {EEFF5C4B-1D5B-440F-80D8-193985E0BA54}
		{311B284D-C511-4D08-B1BB-5DF87C7158A8} = {EEFF5C4B-1D5B-440F-80D8-193985E0BA54}
		{414A7BD4-9C01-4892-90B6-10DB313CE78E} = {E623009A-84B2-40AB-BD71-5A01C95EF210}
		{5644D75A-9DCE-4AD4-956E-C0054BEBB583} = {E623009A-84B2-40AB-BD71-5A01C95EF210}
		{F2744469-08D4-428E-81DB-07D511A14392} = {E623009A-84B2-40AB-BD71-5A01C95EF210}
		{B853BC4E-05D3-4189-83C8-53F668CA8C04} = {EEFF5C4B-1D5B-440F-80D8-193985E0BA54}
		{20C2F866-B5D4-438E-895C-7BC8BEB48FDD} = {EEFF5C4B-1D5B-440F-80D8-193985E0BA54}
		{491034A9-351D-4958-BF81-FDB94FE835CC} = {EEFF5C4B-1D5B-440F-80D8-193985E0BA54}
		{414B3C98-A80A-4C1D-BD99-38143202EA46} = {EEFF5C4B-1D5B-440F-80D8-193985E0BA54}
		{6C2640B2-CD07-4F64-BDAE-0B25CE53FD7D} = {EEFF5C4B-1D5B-440F-80D8-193985E0BA54}
		{F81E241C-AE52-4B3B-9C93-59721DE4B917} = {EEFF5C4B-1D5B-440F-80D8-193985E0BA54}
		{54D72337-1E62-4578-AE1A-B03B0CEBECBE} = {E623009A-84B2-40AB-BD71-5A01C95EF210}
		{6A3CFD4B-BD55-48B7-AD67-B0F2B7185E62} = {EEFF5C4B-1D5B-440F-80D8-193985E0BA54}
		{2574C072-59BB-4D54-8B5F-3597680696F4} = {E623009A-84B2-40AB-BD71-5A01C95EF210}
		{5A982EA6-CF2D-4539-9B8D-BDBB0D4AE57C} = {E623009A-84B2-40AB-BD71-5A01C95EF210}
		{8CA06C3A-5F35-4B4F-9B9B-21CACF541620} = {E623009A-84B2-40AB-BD71-5A01C95EF210}
		{44616BD0-51A6-42CA-A09E-8FA1383B9737} = {07C2787E-EAC7-C090-1BA3-A61EC2A24D84}
		{FC44A9A4-39E0-4E73-A8B2-F361B605D222} = {E623009A-84B2-40AB-BD71-5A01C95EF210}
		{2FB36C21-EC3C-4EC9-A664-3E3CB5E9B4CC} = {07C2787E-EAC7-C090-1BA3-A61EC2A24D84}
		{58B2F363-FA0A-486C-A118-57B827A97FBA} = {EEFF5C4B-1D5B-440F-80D8-193985E0BA54}
		{7496881A-4372-4AC7-B212-BE1EE6DA83CB} = {EEFF5C4B-1D5B-440F-80D8-193985E0BA54}
		{8B1207BE-C543-4763-BD22-F23C411D86F5} = {E623009A-84B2-40AB-BD71-5A01C95EF210}
	EndGlobalSection
EndGlobal
